
Microsoft Visual Studio Solution File, Format Version 12.00
# Visual Studio 15
VisualStudioVersion = 15.0.28307.168
MinimumVisualStudioVersion = 10.0.40219.1
Project("{9A19103F-16F7-4668-BE54-9A1E7A4F7556}") = "JSONNetLib", "JSONNetLib\JSONNetLib.csproj", "{A8007189-0A1C-4B64-ABBE-D4EB832F79DE}"
EndProject
Project("{9A19103F-16F7-4668-BE54-9A1E7A4F7556}") = "Example1", "Example1\Example1.csproj", "{333330CE-FBBB-4039-9010-EE339448F38B}"
EndProject
Project("{9A19103F-16F7-4668-BE54-9A1E7A4F7556}") = "Example2", "Example2\Example2.csproj", "{421A6029-FF46-4781-98C1-940A8AE33480}"
EndProject
Project("{9A19103F-16F7-4668-BE54-9A1E7A4F7556}") = "Example3", "Example3\Example3.csproj", "{2209C649-7461-4418-B627-6FDA373A4280}"
EndProject
Project("{9A19103F-16F7-4668-BE54-9A1E7A4F7556}") = "Runner", "Runner\Runner.csproj", "{F49ED155-F26B-4ECC-B8D8-762A70C5B6C6}"
EndProject
Project("{9A19103F-16F7-4668-BE54-9A1E7A4F7556}") = "TestCases", "TestCases\TestCases.csproj", "{753C2DB4-3D16-4004-B62F-0041ADAA6FD8}"
EndProject
Project("{2150E333-8FDC-42A3-9474-1A3956D46DE8}") = "Solution Items", "Solution Items", "{1499F3DA-2BD9-407E-82AB-F0D645B55125}"
	ProjectSection(SolutionItems) = preProject
		README.md = README.md
	EndProjectSection
EndProject
Global
	GlobalSection(SolutionConfigurationPlatforms) = preSolution
		Debug|Any CPU = Debug|Any CPU
		Release|Any CPU = Release|Any CPU
	EndGlobalSection
	GlobalSection(ProjectConfigurationPlatforms) = postSolution
		{A8007189-0A1C-4B64-ABBE-D4EB832F79DE}.Debug|Any CPU.ActiveCfg = Debug|Any CPU
		{A8007189-0A1C-4B64-ABBE-D4EB832F79DE}.Debug|Any CPU.Build.0 = Debug|Any CPU
		{A8007189-0A1C-4B64-ABBE-D4EB832F79DE}.Release|Any CPU.ActiveCfg = Release|Any CPU
		{A8007189-0A1C-4B64-ABBE-D4EB832F79DE}.Release|Any CPU.Build.0 = Release|Any CPU
		{333330CE-FBBB-4039-9010-EE339448F38B}.Debug|Any CPU.ActiveCfg = Debug|Any CPU
		{333330CE-FBBB-4039-9010-EE339448F38B}.Debug|Any CPU.Build.0 = Debug|Any CPU
		{333330CE-FBBB-4039-9010-EE339448F38B}.Release|Any CPU.ActiveCfg = Release|Any CPU
		{333330CE-FBBB-4039-9010-EE339448F38B}.Release|Any CPU.Build.0 = Release|Any CPU
		{421A6029-FF46-4781-98C1-940A8AE33480}.Debug|Any CPU.ActiveCfg = Debug|Any CPU
		{421A6029-FF46-4781-98C1-940A8AE33480}.Debug|Any CPU.Build.0 = Debug|Any CPU
		{421A6029-FF46-4781-98C1-940A8AE33480}.Release|Any CPU.ActiveCfg = Release|Any CPU
		{421A6029-FF46-4781-98C1-940A8AE33480}.Release|Any CPU.Build.0 = Release|Any CPU
		{2209C649-7461-4418-B627-6FDA373A4280}.Debug|Any CPU.ActiveCfg = Debug|Any CPU
		{2209C649-7461-4418-B627-6FDA373A4280}.Debug|Any CPU.Build.0 = Debug|Any CPU
		{2209C649-7461-4418-B627-6FDA373A4280}.Release|Any CPU.ActiveCfg = Release|Any CPU
		{2209C649-7461-4418-B627-6FDA373A4280}.Release|Any CPU.Build.0 = Release|Any CPU
		{F49ED155-F26B-4ECC-B8D8-762A70C5B6C6}.Debug|Any CPU.ActiveCfg = Debug|Any CPU
		{F49ED155-F26B-4ECC-B8D8-762A70C5B6C6}.Debug|Any CPU.Build.0 = Debug|Any CPU
		{F49ED155-F26B-4ECC-B8D8-762A70C5B6C6}.Release|Any CPU.ActiveCfg = Release|Any CPU
		{F49ED155-F26B-4ECC-B8D8-762A70C5B6C6}.Release|Any CPU.Build.0 = Release|Any CPU
		{753C2DB4-3D16-4004-B62F-0041ADAA6FD8}.Debug|Any CPU.ActiveCfg = Debug|Any CPU
		{753C2DB4-3D16-4004-B62F-0041ADAA6FD8}.Debug|Any CPU.Build.0 = Debug|Any CPU
		{753C2DB4-3D16-4004-B62F-0041ADAA6FD8}.Release|Any CPU.ActiveCfg = Release|Any CPU
		{753C2DB4-3D16-4004-B62F-0041ADAA6FD8}.Release|Any CPU.Build.0 = Release|Any CPU
	EndGlobalSection
	GlobalSection(SolutionProperties) = preSolution
		HideSolutionNode = FALSE
	EndGlobalSection
	GlobalSection(ExtensibilityGlobals) = postSolution
		SolutionGuid = {6DA348CF-6EF4-4020-8B77-B6BDFCE42FE5}
	EndGlobalSection
EndGlobal
