
Microsoft Visual Studio Solution File, Format Version 12.00
# Visual Studio 15
VisualStudioVersion = 15.0.28307.168
MinimumVisualStudioVersion = 10.0.40219.1
Project("{FAE04EC0-301F-11D3-BF4B-00C04F79EFBC}") = "JSONNetLib", "JSONNetLib\JSONNetLib.csproj", "{A8007189-0A1C-4B64-ABBE-D4EB832F79DE}"
EndProject
Global
	GlobalSection(SolutionConfigurationPlatforms) = preSolution
		Debug|Any CPU = Debug|Any CPU
		Release|Any CPU = Release|Any CPU
	EndGlobalSection
	GlobalSection(ProjectConfigurationPlatforms) = postSolution
		{A8007189-0A1C-4B64-ABBE-D4EB832F79DE}.Debug|Any CPU.ActiveCfg = Debug|Any CPU
		{A8007189-0A1C-4B64-ABBE-D4EB832F79DE}.Debug|Any CPU.Build.0 = Debug|Any CPU
		{A8007189-0A1C-4B64-ABBE-D4EB832F79DE}.Release|Any CPU.ActiveCfg = Release|Any CPU
		{A8007189-0A1C-4B64-ABBE-D4EB832F79DE}.Release|Any CPU.Build.0 = Release|Any CPU
	EndGlobalSection
	GlobalSection(SolutionProperties) = preSolution
		HideSolutionNode = FALSE
	EndGlobalSection
	GlobalSection(ExtensibilityGlobals) = postSolution
		SolutionGuid = {6DA348CF-6EF4-4020-8B77-B6BDFCE42FE5}
	EndGlobalSection
EndGlobal
